lockVersion: 2.0.0
id: 695e0c65-bd2a-4ff9-bd36-7b7ff708b94f
management:
  docChecksum: 1f81f686210ea5f002113cad4b0df4b9
  docVersion: v1.0-pruned-1
  speakeasyVersion: 1.645.1
  generationVersion: 2.735.1
  releaseVersion: 0.0.1
  configChecksum: 44d6d5e187d513ce0ccd4d3b4029f321
features:
  mcp-typescript:
    additionalDependencies: 0.1.0
    core: 0.7.1
    defaultEnabledRetries: 0.1.0
    enumUnions: 0.1.0
    globalSecurity: 0.1.1
    globalSecurityCallbacks: 0.0.0
    globalServerURLs: 0.1.1
    responseFormat: 0.1.0
    retries: 0.1.0
    sdkHooks: 0.2.0
generatedFiles:
  - .dxtignore
  - .gitattributes
  - .npmignore
  - eslint.config.mjs
  - manifest.json
  - package.json
  - src/core.ts
  - src/funcs/createMeEvent.ts
  - src/funcs/deleteMeEvent.ts
  - src/funcs/deleteMeMessage.ts
  - src/funcs/getMeCalendarView.ts
  - src/funcs/getMeEvent.ts
  - src/funcs/getMeMessage.ts
  - src/funcs/listMeEvents.ts
  - src/funcs/listMeMessages.ts
  - src/funcs/listUserEvents.ts
  - src/funcs/listUserMessages.ts
  - src/funcs/sendMail.ts
  - src/funcs/updateMeEvent.ts
  - src/funcs/updateMeMessage.ts
  - src/hooks/hooks.ts
  - src/hooks/types.ts
  - src/lib/base64.ts
  - src/lib/config.ts
  - src/lib/dlv.ts
  - src/lib/encodings.ts
  - src/lib/env.ts
  - src/lib/files.ts
  - src/lib/http.ts
  - src/lib/is-plain-object.ts
  - src/lib/logger.ts
  - src/lib/matchers.ts
  - src/lib/primitives.ts
  - src/lib/result.ts
  - src/lib/retries.ts
  - src/lib/schemas.ts
  - src/lib/sdks.ts
  - src/lib/security.ts
  - src/lib/url.ts
  - src/mcp-server/build.mts
  - src/mcp-server/cli.ts
  - src/mcp-server/cli/start/command.ts
  - src/mcp-server/cli/start/impl.ts
  - src/mcp-server/console-logger.ts
  - src/mcp-server/extensions.ts
  - src/mcp-server/mcp-server.ts
  - src/mcp-server/prompts.ts
  - src/mcp-server/resources.ts
  - src/mcp-server/scopes.ts
  - src/mcp-server/server.ts
  - src/mcp-server/shared.ts
  - src/mcp-server/tools.ts
  - src/mcp-server/tools/createMeEvent.ts
  - src/mcp-server/tools/deleteMeEvent.ts
  - src/mcp-server/tools/deleteMeMessage.ts
  - src/mcp-server/tools/getMeCalendarView.ts
  - src/mcp-server/tools/getMeEvent.ts
  - src/mcp-server/tools/getMeMessage.ts
  - src/mcp-server/tools/listMeEvents.ts
  - src/mcp-server/tools/listMeMessages.ts
  - src/mcp-server/tools/listUserEvents.ts
  - src/mcp-server/tools/listUserMessages.ts
  - src/mcp-server/tools/sendMail.ts
  - src/mcp-server/tools/updateMeEvent.ts
  - src/mcp-server/tools/updateMeMessage.ts
  - src/models/attendee.ts
  - src/models/createmeeventop.ts
  - src/models/datetimetimezone.ts
  - src/models/deletemeeventop.ts
  - src/models/deletememessageop.ts
  - src/models/emailaddress.ts
  - src/models/errors/apierror.ts
  - src/models/errors/httpclienterrors.ts
  - src/models/errors/sdkvalidationerror.ts
  - src/models/event.ts
  - src/models/getmecalendarviewop.ts
  - src/models/getmeeventop.ts
  - src/models/getmemessageop.ts
  - src/models/itembody.ts
  - src/models/listmeeventsop.ts
  - src/models/listmemessagesop.ts
  - src/models/listusereventsop.ts
  - src/models/listusermessagesop.ts
  - src/models/location.ts
  - src/models/message.ts
  - src/models/pagedevents.ts
  - src/models/pagedmessages.ts
  - src/models/recipient.ts
  - src/models/security.ts
  - src/models/sendmailop.ts
  - src/models/sendmailrequest.ts
  - src/models/updatemeeventop.ts
  - src/models/updatememessageop.ts
  - src/types/async.ts
  - src/types/blobs.ts
  - src/types/enums.ts
  - src/types/fp.ts
  - src/types/rfcdate.ts
  - src/types/streams.ts
  - tsconfig.json
examplesVersion: 1.0.2
